// !$*UTF8*$!
{
	archiveVersion = 1;
	classes = {
	};
	objectVersion = 46;
	objects = {

/* Begin PBXBuildFile section */
		21D787EA1B4A6523005AC775 /* YQSectionView.m in Sources */ = {isa = PBXBuildFile; fileRef = 21D787E91B4A6523005AC775 /* YQSectionView.m */; };
		21DD0C421B4B6D1100312470 /* AppDelegate.m in Sources */ = {isa = PBXBuildFile; fileRef = 21DD0C381B4B6D1100312470 /* AppDelegate.m */; };
		21DD0C431B4B6D1100312470 /* LaunchScreen.xib in Resources */ = {isa = PBXBuildFile; fileRef = 21DD0C391B4B6D1100312470 /* LaunchScreen.xib */; };
		21DD0C441B4B6D1100312470 /* Main.storyboard in Resources */ = {isa = PBXBuildFile; fileRef = 21DD0C3B1B4B6D1100312470 /* Main.storyboard */; };
		21DD0C451B4B6D1100312470 /* Images.xcassets in Resources */ = {isa = PBXBuildFile; fileRef = 21DD0C3D1B4B6D1100312470 /* Images.xcassets */; };
		21DD0C461B4B6D1100312470 /* Info.plist in Resources */ = {isa = PBXBuildFile; fileRef = 21DD0C3E1B4B6D1100312470 /* Info.plist */; };
		21DD0C471B4B6D1100312470 /* main.m in Sources */ = {isa = PBXBuildFile; fileRef = 21DD0C3F1B4B6D1100312470 /* main.m */; };
		21DD0C481B4B6D1100312470 /* ViewController.m in Sources */ = {isa = PBXBuildFile; fileRef = 21DD0C411B4B6D1100312470 /* ViewController.m */; };
		21DD0C521B4B6DC900312470 /* YQSectionViewDemo_Tests.m in Sources */ = {isa = PBXBuildFile; fileRef = 21DD0C511B4B6DC900312470 /* YQSectionViewDemo_Tests.m */; };
		21DD0C5A1B4B6E2100312470 /* YQItemCell.m in Sources */ = {isa = PBXBuildFile; fileRef = 21DD0C591B4B6E2100312470 /* YQItemCell.m */; };
/* End PBXBuildFile section */

/* Begin PBXContainerItemProxy section */
		21DD0C531B4B6DC900312470 /* PBXContainerItemProxy */ = {
			isa = PBXContainerItemProxy;
			containerPortal = 21D787AF1B4A1182005AC775 /* Project object */;
			proxyType = 1;
			remoteGlobalIDString = 21D787B61B4A1182005AC775;
			remoteInfo = YQSectionViewDemo;
		};
/* End PBXContainerItemProxy section */

/* Begin PBXFileReference section */
		21D787B71B4A1182005AC775 /* YQSectionViewDemo.app */ = {isa = PBXFileReference; explicitFileType = wrapper.application; includeInIndex = 0; path = YQSectionViewDemo.app; sourceTree = BUILT_PRODUCTS_DIR; };
		21D787E81B4A6523005AC775 /* YQSectionView.h */ = {isa = PBXFileReference; fileEncoding = 4; lastKnownFileType = sourcecode.c.h; path = YQSectionView.h; sourceTree = "<group>"; };
		21D787E91B4A6523005AC775 /* YQSectionView.m */ = {isa = PBXFileReference; fileEncoding = 4; lastKnownFileType = sourcecode.c.objc; path = YQSectionView.m; sourceTree = "<group>"; };
		21DD0C371B4B6D1100312470 /* AppDelegate.h */ = {isa = PBXFileReference; fileEncoding = 4; lastKnownFileType = sourcecode.c.h; path = AppDelegate.h; sourceTree = "<group>"; };
		21DD0C381B4B6D1100312470 /* AppDelegate.m */ = {isa = PBXFileReference; fileEncoding = 4; lastKnownFileType = sourcecode.c.objc; path = AppDelegate.m; sourceTree = "<group>"; };
		21DD0C3A1B4B6D1100312470 /* Base */ = {isa = PBXFileReference; lastKnownFileType = file.xib; name = Base; path = Base.lproj/LaunchScreen.xib; sourceTree = "<group>"; };
		21DD0C3C1B4B6D1100312470 /* Base */ = {isa = PBXFileReference; lastKnownFileType = file.storyboard; name = Base; path = Base.lproj/Main.storyboard; sourceTree = "<group>"; };
		21DD0C3D1B4B6D1100312470 /* Images.xcassets */ = {isa = PBXFileReference; lastKnownFileType = folder.assetcatalog; path = Images.xcassets; sourceTree = "<group>"; };
		21DD0C3E1B4B6D1100312470 /* Info.plist */ = {isa = PBXFileReference; fileEncoding = 4; lastKnownFileType = text.plist.xml; path = Info.plist; sourceTree = "<group>"; };
		21DD0C3F1B4B6D1100312470 /* main.m */ = {isa = PBXFileReference; fileEncoding = 4; lastKnownFileType = sourcecode.c.objc; path = main.m; sourceTree = "<group>"; };
		21DD0C401B4B6D1100312470 /* ViewController.h */ = {isa = PBXFileReference; fileEncoding = 4; lastKnownFileType = sourcecode.c.h; path = ViewController.h; sourceTree = "<group>"; };
		21DD0C411B4B6D1100312470 /* ViewController.m */ = {isa = PBXFileReference; fileEncoding = 4; lastKnownFileType = sourcecode.c.objc; path = ViewController.m; sourceTree = "<group>"; };
		21DD0C4D1B4B6DC900312470 /* YQSectionViewDemo Tests.xctest */ = {isa = PBXFileReference; explicitFileType = wrapper.cfbundle; includeInIndex = 0; path = "YQSectionViewDemo Tests.xctest"; sourceTree = BUILT_PRODUCTS_DIR; };
		21DD0C501B4B6DC900312470 /* Info.plist */ = {isa = PBXFileReference; lastKnownFileType = text.plist.xml; path = Info.plist; sourceTree = "<group>"; };
		21DD0C511B4B6DC900312470 /* YQSectionViewDemo_Tests.m */ = {isa = PBXFileReference; lastKnownFileType = sourcecode.c.objc; path = YQSectionViewDemo_Tests.m; sourceTree = "<group>"; };
		21DD0C581B4B6E2100312470 /* YQItemCell.h */ = {isa = PBXFileReference; fileEncoding = 4; lastKnownFileType = sourcecode.c.h; path = YQItemCell.h; sourceTree = "<group>"; };
		21DD0C591B4B6E2100312470 /* YQItemCell.m */ = {isa = PBXFileReference; fileEncoding = 4; lastKnownFileType = sourcecode.c.objc; path = YQItemCell.m; sourceTree = "<group>"; };
/* End PBXFileReference section */

/* Begin PBXFrameworksBuildPhase section */
		21D787B41B4A1182005AC775 /* Frameworks */ = {
			isa = PBXFrameworksBuildPhase;
			buildActionMask = 2147483647;
			files = (
			);
			runOnlyForDeploymentPostprocessing = 0;
		};
		21DD0C4A1B4B6DC900312470 /* Frameworks */ = {
			isa = PBXFrameworksBuildPhase;
			buildActionMask = 2147483647;
			files = (
			);
			runOnlyForDeploymentPostprocessing = 0;
		};
/* End PBXFrameworksBuildPhase section */

/* Begin PBXGroup section */
		21D787AE1B4A1182005AC775 = {
			isa = PBXGroup;
			children = (
				21DD0C361B4B6D1100312470 /* YQSectionViewDemo */,
				21D787E71B4A6523005AC775 /* YQSectionView */,
				21DD0C4E1B4B6DC900312470 /* YQSectionViewDemo Tests */,
				21D787B81B4A1182005AC775 /* Products */,
			);
			sourceTree = "<group>";
		};
		21D787B81B4A1182005AC775 /* Products */ = {
			isa = PBXGroup;
			children = (
				21D787B71B4A1182005AC775 /* YQSectionViewDemo.app */,
				21DD0C4D1B4B6DC900312470 /* YQSectionViewDemo Tests.xctest */,
			);
			name = Products;
			sourceTree = "<group>";
		};
		21D787E71B4A6523005AC775 /* YQSectionView */ = {
			isa = PBXGroup;
			children = (
				21D787E81B4A6523005AC775 /* YQSectionView.h */,
				21D787E91B4A6523005AC775 /* YQSectionView.m */,
				21DD0C581B4B6E2100312470 /* YQItemCell.h */,
				21DD0C591B4B6E2100312470 /* YQItemCell.m */,
			);
			path = YQSectionView;
			sourceTree = "<group>";
		};
		21DD0C361B4B6D1100312470 /* YQSectionViewDemo */ = {
			isa = PBXGroup;
			children = (
				21DD0C371B4B6D1100312470 /* AppDelegate.h */,
				21DD0C381B4B6D1100312470 /* AppDelegate.m */,
				21DD0C391B4B6D1100312470 /* LaunchScreen.xib */,
				21DD0C3B1B4B6D1100312470 /* Main.storyboard */,
				21DD0C3D1B4B6D1100312470 /* Images.xcassets */,
				21DD0C3E1B4B6D1100312470 /* Info.plist */,
				21DD0C3F1B4B6D1100312470 /* main.m */,
				21DD0C401B4B6D1100312470 /* ViewController.h */,
				21DD0C411B4B6D1100312470 /* ViewController.m */,
			);
			path = YQSectionViewDemo;
			sourceTree = "<group>";
		};
		21DD0C4E1B4B6DC900312470 /* YQSectionViewDemo Tests */ = {
			isa = PBXGroup;
			children = (
				21DD0C511B4B6DC900312470 /* YQSectionViewDemo_Tests.m */,
				21DD0C4F1B4B6DC900312470 /* Supporting Files */,
			);
			path = "YQSectionViewDemo Tests";
			sourceTree = "<group>";
		};
		21DD0C4F1B4B6DC900312470 /* Supporting Files */ = {
			isa = PBXGroup;
			children = (
				21DD0C501B4B6DC900312470 /* Info.plist */,
			);
			name = "Supporting Files";
			sourceTree = "<group>";
		};
/* End PBXGroup section */

/* Begin PBXNativeTarget section */
		21D787B61B4A1182005AC775 /* YQSectionViewDemo */ = {
			isa = PBXNativeTarget;
			buildConfigurationList = 21D787DA1B4A1182005AC775 /* Build configuration list for PBXNativeTarget "YQSectionViewDemo" */;
			buildPhases = (
				21D787B31B4A1182005AC775 /* Sources */,
				21D787B41B4A1182005AC775 /* Frameworks */,
				21D787B51B4A1182005AC775 /* Resources */,
			);
			buildRules = (
			);
			dependencies = (
			);
			name = YQSectionViewDemo;
			productName = YQItemCellDemo;
			productReference = 21D787B71B4A1182005AC775 /* YQSectionViewDemo.app */;
			productType = "com.apple.product-type.application";
		};
		21DD0C4C1B4B6DC900312470 /* YQSectionViewDemo Tests */ = {
			isa = PBXNativeTarget;
			buildConfigurationList = 21DD0C571B4B6DC900312470 /* Build configuration list for PBXNativeTarget "YQSectionViewDemo Tests" */;
			buildPhases = (
				21DD0C491B4B6DC900312470 /* Sources */,
				21DD0C4A1B4B6DC900312470 /* Frameworks */,
				21DD0C4B1B4B6DC900312470 /* Resources */,
			);
			buildRules = (
			);
			dependencies = (
				21DD0C541B4B6DC900312470 /* PBXTargetDependency */,
			);
			name = "YQSectionViewDemo Tests";
			productName = "YQSectionViewDemo Tests";
			productReference = 21DD0C4D1B4B6DC900312470 /* YQSectionViewDemo Tests.xctest */;
			productType = "com.apple.product-type.bundle.unit-test";
		};
/* End PBXNativeTarget section */

/* Begin PBXProject section */
		21D787AF1B4A1182005AC775 /* Project object */ = {
			isa = PBXProject;
			attributes = {
				LastUpgradeCheck = 0640;
				ORGANIZATIONNAME = Wang;
				TargetAttributes = {
					21D787B61B4A1182005AC775 = {
						CreatedOnToolsVersion = 6.4;
					};
					21DD0C4C1B4B6DC900312470 = {
						CreatedOnToolsVersion = 6.4;
						TestTargetID = 21D787B61B4A1182005AC775;
					};
				};
			};
			buildConfigurationList = 21D787B21B4A1182005AC775 /* Build configuration list for PBXProject "YQSectionViewDemo" */;
			compatibilityVersion = "Xcode 3.2";
			developmentRegion = English;
			hasScannedForEncodings = 0;
			knownRegions = (
				en,
				Base,
			);
			mainGroup = 21D787AE1B4A1182005AC775;
			productRefGroup = 21D787B81B4A1182005AC775 /* Products */;
			projectDirPath = "";
			projectRoot = "";
			targets = (
				21D787B61B4A1182005AC775 /* YQSectionViewDemo */,
				21DD0C4C1B4B6DC900312470 /* YQSectionViewDemo Tests */,
			);
		};
/* End PBXProject section */

/* Begin PBXResourcesBuildPhase section */
		21D787B51B4A1182005AC775 /* Resources */ = {
			isa = PBXResourcesBuildPhase;
			buildActionMask = 2147483647;
			files = (
				21DD0C461B4B6D1100312470 /* Info.plist in Resources */,
				21DD0C451B4B6D1100312470 /* Images.xcassets in Resources */,
				21DD0C431B4B6D1100312470 /* LaunchScreen.xib in Resources */,
				21DD0C441B4B6D1100312470 /* Main.storyboard in Resources */,
			);
			runOnlyForDeploymentPostprocessing = 0;
		};
		21DD0C4B1B4B6DC900312470 /* Resources */ = {
			isa = PBXResourcesBuildPhase;
			buildActionMask = 2147483647;
			files = (
			);
			runOnlyForDeploymentPostprocessing = 0;
		};
/* End PBXResourcesBuildPhase section */

/* Begin PBXSourcesBuildPhase section */
		21D787B31B4A1182005AC775 /* Sources */ = {
			isa = PBXSourcesBuildPhase;
			buildActionMask = 2147483647;
			files = (
				21DD0C5A1B4B6E2100312470 /* YQItemCell.m in Sources */,
				21DD0C421B4B6D1100312470 /* AppDelegate.m in Sources */,
				21DD0C471B4B6D1100312470 /* main.m in Sources */,
				21DD0C481B4B6D1100312470 /* ViewController.m in Sources */,
				21D787EA1B4A6523005AC775 /* YQSectionView.m in Sources */,
			);
			runOnlyForDeploymentPostprocessing = 0;
		};
		21DD0C491B4B6DC900312470 /* Sources */ = {
			isa = PBXSourcesBuildPhase;
			buildActionMask = 2147483647;
			files = (
				21DD0C521B4B6DC900312470 /* YQSectionViewDemo_Tests.m in Sources */,
			);
			runOnlyForDeploymentPostprocessing = 0;
		};
/* End PBXSourcesBuildPhase section */

/* Begin PBXTargetDependency section */
		21DD0C541B4B6DC900312470 /* PBXTargetDependency */ = {
			isa = PBXTargetDependency;
			target = 21D787B61B4A1182005AC775 /* YQSectionViewDemo */;
			targetProxy = 21DD0C531B4B6DC900312470 /* PBXContainerItemProxy */;
		};
/* End PBXTargetDependency section */

/* Begin PBXVariantGroup section */
		21DD0C391B4B6D1100312470 /* LaunchScreen.xib */ = {
			isa = PBXVariantGroup;
			children = (
				21DD0C3A1B4B6D1100312470 /* Base */,
			);
			name = LaunchScreen.xib;
			sourceTree = "<group>";
		};
		21DD0C3B1B4B6D1100312470 /* Main.storyboard */ = {
			isa = PBXVariantGroup;
			children = (
				21DD0C3C1B4B6D1100312470 /* Base */,
			);
			name = Main.storyboard;
			sourceTree = "<group>";
		};
/* End PBXVariantGroup section */

/* Begin XCBuildConfiguration section */
		21D787D81B4A1182005AC775 /* Debug */ = {
			isa = XCBuildConfiguration;
			buildSettings = {
				ALWAYS_SEARCH_USER_PATHS = NO;
				CLANG_CXX_LANGUAGE_STANDARD = "gnu++0x";
				CLANG_CXX_LIBRARY = "libc++";
				CLANG_ENABLE_MODULES = YES;
				CLANG_ENABLE_OBJC_ARC = YES;
				CLANG_WARN_BOOL_CONVERSION = YES;
				CLANG_WARN_CONSTANT_CONVERSION = YES;
				CLANG_WARN_DIRECT_OBJC_ISA_USAGE = YES_ERROR;
				CLANG_WARN_EMPTY_BODY = YES;
				CLANG_WARN_ENUM_CONVERSION = YES;
				CLANG_WARN_INT_CONVERSION = YES;
				CLANG_WARN_OBJC_ROOT_CLASS = YES_ERROR;
				CLANG_WARN_UNREACHABLE_CODE = YES;
				CLANG_WARN__DUPLICATE_METHOD_MATCH = YES;
				"CODE_SIGN_IDENTITY[sdk=iphoneos*]" = "iPhone Developer";
				COPY_PHASE_STRIP = NO;
				DEBUG_INFORMATION_FORMAT = "dwarf-with-dsym";
				ENABLE_STRICT_OBJC_MSGSEND = YES;
				GCC_C_LANGUAGE_STANDARD = gnu99;
				GCC_DYNAMIC_NO_PIC = NO;
				GCC_NO_COMMON_BLOCKS = YES;
				GCC_OPTIMIZATION_LEVEL = 0;
				GCC_PREPROCESSOR_DEFINITIONS = (
					"DEBUG=1",
					"$(inherited)",
				);
				GCC_SYMBOLS_PRIVATE_EXTERN = NO;
				GCC_WARN_64_TO_32_BIT_CONVERSION = YES;
				GCC_WARN_ABOUT_RETURN_TYPE = YES_ERROR;
				GCC_WARN_UNDECLARED_SELECTOR = YES;
				GCC_WARN_UNINITIALIZED_AUTOS = YES_AGGRESSIVE;
				GCC_WARN_UNUSED_FUNCTION = YES;
				GCC_WARN_UNUSED_VARIABLE = YES;
				IPHONEOS_DEPLOYMENT_TARGET = 8.4;
				MTL_ENABLE_DEBUG_INFO = YES;
				ONLY_ACTIVE_ARCH = YES;
				SDKROOT = iphoneos;
			};
			name = Debug;
		};
		21D787D91B4A1182005AC775 /* Release */ = {
			isa = XCBuildConfiguration;
			buildSettings = {
				ALWAYS_SEARCH_USER_PATHS = NO;
				CLANG_CXX_LANGUAGE_STANDARD = "gnu++0x";
				CLANG_CXX_LIBRARY = "libc++";
				CLANG_ENABLE_MODULES = YES;
				CLANG_ENABLE_OBJC_ARC = YES;
				CLANG_WARN_BOOL_CONVERSION = YES;
				CLANG_WARN_CONSTANT_CONVERSION = YES;
				CLANG_WARN_DIRECT_OBJC_ISA_USAGE = YES_ERROR;
				CLANG_WARN_EMPTY_BODY = YES;
				CLANG_WARN_ENUM_CONVERSION = YES;
				CLANG_WARN_INT_CONVERSION = YES;
				CLANG_WARN_OBJC_ROOT_CLASS = YES_ERROR;
				CLANG_WARN_UNREACHABLE_CODE = YES;
				CLANG_WARN__DUPLICATE_METHOD_MATCH = YES;
				"CODE_SIGN_IDENTITY[sdk=iphoneos*]" = "iPhone Developer";
				COPY_PHASE_STRIP = NO;
				DEBUG_INFORMATION_FORMAT = "dwarf-with-dsym";
				ENABLE_NS_ASSERTIONS = NO;
				ENABLE_STRICT_OBJC_MSGSEND = YES;
				GCC_C_LANGUAGE_STANDARD = gnu99;
				GCC_NO_COMMON_BLOCKS = YES;
				GCC_WARN_64_TO_32_BIT_CONVERSION = YES;
				GCC_WARN_ABOUT_RETURN_TYPE = YES_ERROR;
				GCC_WARN_UNDECLARED_SELECTOR = YES;
				GCC_WARN_UNINITIALIZED_AUTOS = YES_AGGRESSIVE;
				GCC_WARN_UNUSED_FUNCTION = YES;
				GCC_WARN_UNUSED_VARIABLE = YES;
				IPHONEOS_DEPLOYMENT_TARGET = 8.4;
				MTL_ENABLE_DEBUG_INFO = NO;
				SDKROOT = iphoneos;
				VALIDATE_PRODUCT = YES;
			};
			name = Release;
		};
		21D787DB1B4A1182005AC775 /* Debug */ = {
			isa = XCBuildConfiguration;
			buildSettings = {
				ASSETCATALOG_COMPILER_APPICON_NAME = AppIcon;
				INFOPLIST_FILE = "$(SRCROOT)/YQSectionViewDemo/Info.plist";
				IPHONEOS_DEPLOYMENT_TARGET = 7.1;
				LD_RUNPATH_SEARCH_PATHS = "$(inherited) @executable_path/Frameworks";
				PRODUCT_NAME = YQSectionViewDemo;
			};
			name = Debug;
		};
		21D787DC1B4A1182005AC775 /* Release */ = {
			isa = XCBuildConfiguration;
			buildSettings = {
				ASSETCATALOG_COMPILER_APPICON_NAME = AppIcon;
				INFOPLIST_FILE = "$(SRCROOT)/YQSectionViewDemo/Info.plist";
				IPHONEOS_DEPLOYMENT_TARGET = 7.1;
				LD_RUNPATH_SEARCH_PATHS = "$(inherited) @executable_path/Frameworks";
				PRODUCT_NAME = YQSectionViewDemo;
			};
			name = Release;
		};
		21DD0C551B4B6DC900312470 /* Debug */ = {
			isa = XCBuildConfiguration;
			buildSettings = {
				BUNDLE_LOADER = "$(TEST_HOST)";
				FRAMEWORK_SEARCH_PATHS = (
					"$(SDKROOT)/Developer/Library/Frameworks",
					"$(inherited)",
				);
				GCC_PREPROCESSOR_DEFINITIONS = (
					"DEBUG=1",
					"$(inherited)",
				);
				INFOPLIST_FILE = "YQSectionViewDemo Tests/Info.plist";
				LD_RUNPATH_SEARCH_PATHS = "$(inherited) @executable_path/Frameworks @loader_path/Frameworks";
				PRODUCT_NAME = "$(TARGET_NAME)";
				TEST_HOST = "$(BUILT_PRODUCTS_DIR)/YQSectionViewDemo.app/YQSectionViewDemo";
			};
			name = Debug;
		};
		21DD0C561B4B6DC900312470 /* Release */ = {
			isa = XCBuildConfiguration;
			buildSettings = {
				BUNDLE_LOADER = "$(TEST_HOST)";
				FRAMEWORK_SEARCH_PATHS = (
					"$(SDKROOT)/Developer/Library/Frameworks",
					"$(inherited)",
				);
				INFOPLIST_FILE = "YQSectionViewDemo Tests/Info.plist";
				LD_RUNPATH_SEARCH_PATHS = "$(inherited) @executable_path/Frameworks @loader_path/Frameworks";
				PRODUCT_NAME = "$(TARGET_NAME)";
				TEST_HOST = "$(BUILT_PRODUCTS_DIR)/YQSectionViewDemo.app/YQSectionViewDemo";
			};
			name = Release;
		};
/* End XCBuildConfiguration section */

/* Begin XCConfigurationList section */
		21D787B21B4A1182005AC775 /* Build configuration list for PBXProject "YQSectionViewDemo" */ = {
			isa = XCConfigurationList;
			buildConfigurations = (
				21D787D81B4A1182005AC775 /* Debug */,
				21D787D91B4A1182005AC775 /* Release */,
			);
			defaultConfigurationIsVisible = 0;
			defaultConfigurationName = Release;
		};
		21D787DA1B4A1182005AC775 /* Build configuration list for PBXNativeTarget "YQSectionViewDemo" */ = {
			isa = XCConfigurationList;
			buildConfigurations = (
				21D787DB1B4A1182005AC775 /* Debug */,
				21D787DC1B4A1182005AC775 /* Release */,
			);
			defaultConfigurationIsVisible = 0;
			defaultConfigurationName = Release;
		};
		21DD0C571B4B6DC900312470 /* Build configuration list for PBXNativeTarget "YQSectionViewDemo Tests" */ = {
			isa = XCConfigurationList;
			buildConfigurations = (
				21DD0C551B4B6DC900312470 /* Debug */,
				21DD0C561B4B6DC900312470 /* Release */,
			);
			defaultConfigurationIsVisible = 0;
		};
/* End XCConfigurationList section */
	};
	rootObject = 21D787AF1B4A1182005AC775 /* Project object */;
}
