// !$*UTF8*$!
{
	archiveVersion = 1;
	classes = {
	};
	objectVersion = 46;
	objects = {

/* Begin PBXBuildFile section */
		21D787BD1B4A1182005AC775 /* main.m in Sources */ = {isa = PBXBuildFile; fileRef = 21D787BC1B4A1182005AC775 /* main.m */; };
		21D787C01B4A1182005AC775 /* AppDelegate.m in Sources */ = {isa = PBXBuildFile; fileRef = 21D787BF1B4A1182005AC775 /* AppDelegate.m */; };
		21D787C31B4A1182005AC775 /* ViewController.m in Sources */ = {isa = PBXBuildFile; fileRef = 21D787C21B4A1182005AC775 /* ViewController.m */; };
		21D787C61B4A1182005AC775 /* Main.storyboard in Resources */ = {isa = PBXBuildFile; fileRef = 21D787C41B4A1182005AC775 /* Main.storyboard */; };
		21D787C81B4A1182005AC775 /* Images.xcassets in Resources */ = {isa = PBXBuildFile; fileRef = 21D787C71B4A1182005AC775 /* Images.xcassets */; };
		21D787CB1B4A1182005AC775 /* LaunchScreen.xib in Resources */ = {isa = PBXBuildFile; fileRef = 21D787C91B4A1182005AC775 /* LaunchScreen.xib */; };
		21D787D71B4A1182005AC775 /* YQItemCellDemoTests.m in Sources */ = {isa = PBXBuildFile; fileRef = 21D787D61B4A1182005AC775 /* YQItemCellDemoTests.m */; };
/* End PBXBuildFile section */

/* Begin PBXContainerItemProxy section */
		21D787D11B4A1182005AC775 /* PBXContainerItemProxy */ = {
			isa = PBXContainerItemProxy;
			containerPortal = 21D787AF1B4A1182005AC775 /* Project object */;
			proxyType = 1;
			remoteGlobalIDString = 21D787B61B4A1182005AC775;
			remoteInfo = YQItemCellDemo;
		};
/* End PBXContainerItemProxy section */

/* Begin PBXFileReference section */
		21D787B71B4A1182005AC775 /* YQItemCellDemo.app */ = {isa = PBXFileReference; explicitFileType = wrapper.application; includeInIndex = 0; path = YQItemCellDemo.app; sourceTree = BUILT_PRODUCTS_DIR; };
		21D787BB1B4A1182005AC775 /* Info.plist */ = {isa = PBXFileReference; lastKnownFileType = text.plist.xml; path = Info.plist; sourceTree = "<group>"; };
		21D787BC1B4A1182005AC775 /* main.m */ = {isa = PBXFileReference; lastKnownFileType = sourcecode.c.objc; path = main.m; sourceTree = "<group>"; };
		21D787BE1B4A1182005AC775 /* AppDelegate.h */ = {isa = PBXFileReference; lastKnownFileType = sourcecode.c.h; path = AppDelegate.h; sourceTree = "<group>"; };
		21D787BF1B4A1182005AC775 /* AppDelegate.m */ = {isa = PBXFileReference; lastKnownFileType = sourcecode.c.objc; path = AppDelegate.m; sourceTree = "<group>"; };
		21D787C11B4A1182005AC775 /* ViewController.h */ = {isa = PBXFileReference; lastKnownFileType = sourcecode.c.h; path = ViewController.h; sourceTree = "<group>"; };
		21D787C21B4A1182005AC775 /* ViewController.m */ = {isa = PBXFileReference; lastKnownFileType = sourcecode.c.objc; path = ViewController.m; sourceTree = "<group>"; };
		21D787C51B4A1182005AC775 /* Base */ = {isa = PBXFileReference; lastKnownFileType = file.storyboard; name = Base; path = Base.lproj/Main.storyboard; sourceTree = "<group>"; };
		21D787C71B4A1182005AC775 /* Images.xcassets */ = {isa = PBXFileReference; lastKnownFileType = folder.assetcatalog; path = Images.xcassets; sourceTree = "<group>"; };
		21D787CA1B4A1182005AC775 /* Base */ = {isa = PBXFileReference; lastKnownFileType = file.xib; name = Base; path = Base.lproj/LaunchScreen.xib; sourceTree = "<group>"; };
		21D787D01B4A1182005AC775 /* YQItemCellDemoTests.xctest */ = {isa = PBXFileReference; explicitFileType = wrapper.cfbundle; includeInIndex = 0; path = YQItemCellDemoTests.xctest; sourceTree = BUILT_PRODUCTS_DIR; };
		21D787D51B4A1182005AC775 /* Info.plist */ = {isa = PBXFileReference; lastKnownFileType = text.plist.xml; path = Info.plist; sourceTree = "<group>"; };
		21D787D61B4A1182005AC775 /* YQItemCellDemoTests.m */ = {isa = PBXFileReference; lastKnownFileType = sourcecode.c.objc; path = YQItemCellDemoTests.m; sourceTree = "<group>"; };
/* End PBXFileReference section */

/* Begin PBXFrameworksBuildPhase section */
		21D787B41B4A1182005AC775 /* Frameworks */ = {
			isa = PBXFrameworksBuildPhase;
			buildActionMask = 2147483647;
			files = (
			);
			runOnlyForDeploymentPostprocessing = 0;
		};
		21D787CD1B4A1182005AC775 /* Frameworks */ = {
			isa = PBXFrameworksBuildPhase;
			buildActionMask = 2147483647;
			files = (
			);
			runOnlyForDeploymentPostprocessing = 0;
		};
/* End PBXFrameworksBuildPhase section */

/* Begin PBXGroup section */
		21D787AE1B4A1182005AC775 = {
			isa = PBXGroup;
			children = (
				21D787B91B4A1182005AC775 /* YQItemCellDemo */,
				21D787D31B4A1182005AC775 /* YQItemCellDemoTests */,
				21D787B81B4A1182005AC775 /* Products */,
			);
			sourceTree = "<group>";
		};
		21D787B81B4A1182005AC775 /* Products */ = {
			isa = PBXGroup;
			children = (
				21D787B71B4A1182005AC775 /* YQItemCellDemo.app */,
				21D787D01B4A1182005AC775 /* YQItemCellDemoTests.xctest */,
			);
			name = Products;
			sourceTree = "<group>";
		};
		21D787B91B4A1182005AC775 /* YQItemCellDemo */ = {
			isa = PBXGroup;
			children = (
				21D787BE1B4A1182005AC775 /* AppDelegate.h */,
				21D787BF1B4A1182005AC775 /* AppDelegate.m */,
				21D787C11B4A1182005AC775 /* ViewController.h */,
				21D787C21B4A1182005AC775 /* ViewController.m */,
				21D787C41B4A1182005AC775 /* Main.storyboard */,
				21D787C71B4A1182005AC775 /* Images.xcassets */,
				21D787C91B4A1182005AC775 /* LaunchScreen.xib */,
				21D787BA1B4A1182005AC775 /* Supporting Files */,
			);
			path = YQItemCellDemo;
			sourceTree = "<group>";
		};
		21D787BA1B4A1182005AC775 /* Supporting Files */ = {
			isa = PBXGroup;
			children = (
				21D787BB1B4A1182005AC775 /* Info.plist */,
				21D787BC1B4A1182005AC775 /* main.m */,
			);
			name = "Supporting Files";
			sourceTree = "<group>";
		};
		21D787D31B4A1182005AC775 /* YQItemCellDemoTests */ = {
			isa = PBXGroup;
			children = (
				21D787D61B4A1182005AC775 /* YQItemCellDemoTests.m */,
				21D787D41B4A1182005AC775 /* Supporting Files */,
			);
			path = YQItemCellDemoTests;
			sourceTree = "<group>";
		};
		21D787D41B4A1182005AC775 /* Supporting Files */ = {
			isa = PBXGroup;
			children = (
				21D787D51B4A1182005AC775 /* Info.plist */,
			);
			name = "Supporting Files";
			sourceTree = "<group>";
		};
/* End PBXGroup section */

/* Begin PBXNativeTarget section */
		21D787B61B4A1182005AC775 /* YQItemCellDemo */ = {
			isa = PBXNativeTarget;
			buildConfigurationList = 21D787DA1B4A1182005AC775 /* Build configuration list for PBXNativeTarget "YQItemCellDemo" */;
			buildPhases = (
				21D787B31B4A1182005AC775 /* Sources */,
				21D787B41B4A1182005AC775 /* Frameworks */,
				21D787B51B4A1182005AC775 /* Resources */,
			);
			buildRules = (
			);
			dependencies = (
			);
			name = YQItemCellDemo;
			productName = YQItemCellDemo;
			productReference = 21D787B71B4A1182005AC775 /* YQItemCellDemo.app */;
			productType = "com.apple.product-type.application";
		};
		21D787CF1B4A1182005AC775 /* YQItemCellDemoTests */ = {
			isa = PBXNativeTarget;
			buildConfigurationList = 21D787DD1B4A1182005AC775 /* Build configuration list for PBXNativeTarget "YQItemCellDemoTests" */;
			buildPhases = (
				21D787CC1B4A1182005AC775 /* Sources */,
				21D787CD1B4A1182005AC775 /* Frameworks */,
				21D787CE1B4A1182005AC775 /* Resources */,
			);
			buildRules = (
			);
			dependencies = (
				21D787D21B4A1182005AC775 /* PBXTargetDependency */,
			);
			name = YQItemCellDemoTests;
			productName = YQItemCellDemoTests;
			productReference = 21D787D01B4A1182005AC775 /* YQItemCellDemoTests.xctest */;
			productType = "com.apple.product-type.bundle.unit-test";
		};
/* End PBXNativeTarget section */

/* Begin PBXProject section */
		21D787AF1B4A1182005AC775 /* Project object */ = {
			isa = PBXProject;
			attributes = {
				LastUpgradeCheck = 0640;
				ORGANIZATIONNAME = Wang;
				TargetAttributes = {
					21D787B61B4A1182005AC775 = {
						CreatedOnToolsVersion = 6.4;
					};
					21D787CF1B4A1182005AC775 = {
						CreatedOnToolsVersion = 6.4;
						TestTargetID = 21D787B61B4A1182005AC775;
					};
				};
			};
			buildConfigurationList = 21D787B21B4A1182005AC775 /* Build configuration list for PBXProject "YQItemCellDemo" */;
			compatibilityVersion = "Xcode 3.2";
			developmentRegion = English;
			hasScannedForEncodings = 0;
			knownRegions = (
				en,
				Base,
			);
			mainGroup = 21D787AE1B4A1182005AC775;
			productRefGroup = 21D787B81B4A1182005AC775 /* Products */;
			projectDirPath = "";
			projectRoot = "";
			targets = (
				21D787B61B4A1182005AC775 /* YQItemCellDemo */,
				21D787CF1B4A1182005AC775 /* YQItemCellDemoTests */,
			);
		};
/* End PBXProject section */

/* Begin PBXResourcesBuildPhase section */
		21D787B51B4A1182005AC775 /* Resources */ = {
			isa = PBXResourcesBuildPhase;
			buildActionMask = 2147483647;
			files = (
				21D787C61B4A1182005AC775 /* Main.storyboard in Resources */,
				21D787CB1B4A1182005AC775 /* LaunchScreen.xib in Resources */,
				21D787C81B4A1182005AC775 /* Images.xcassets in Resources */,
			);
			runOnlyForDeploymentPostprocessing = 0;
		};
		21D787CE1B4A1182005AC775 /* Resources */ = {
			isa = PBXResourcesBuildPhase;
			buildActionMask = 2147483647;
			files = (
			);
			runOnlyForDeploymentPostprocessing = 0;
		};
/* End PBXResourcesBuildPhase section */

/* Begin PBXSourcesBuildPhase section */
		21D787B31B4A1182005AC775 /* Sources */ = {
			isa = PBXSourcesBuildPhase;
			buildActionMask = 2147483647;
			files = (
				21D787C31B4A1182005AC775 /* ViewController.m in Sources */,
				21D787C01B4A1182005AC775 /* AppDelegate.m in Sources */,
				21D787BD1B4A1182005AC775 /* main.m in Sources */,
			);
			runOnlyForDeploymentPostprocessing = 0;
		};
		21D787CC1B4A1182005AC775 /* Sources */ = {
			isa = PBXSourcesBuildPhase;
			buildActionMask = 2147483647;
			files = (
				21D787D71B4A1182005AC775 /* YQItemCellDemoTests.m in Sources */,
			);
			runOnlyForDeploymentPostprocessing = 0;
		};
/* End PBXSourcesBuildPhase section */

/* Begin PBXTargetDependency section */
		21D787D21B4A1182005AC775 /* PBXTargetDependency */ = {
			isa = PBXTargetDependency;
			target = 21D787B61B4A1182005AC775 /* YQItemCellDemo */;
			targetProxy = 21D787D11B4A1182005AC775 /* PBXContainerItemProxy */;
		};
/* End PBXTargetDependency section */

/* Begin PBXVariantGroup section */
		21D787C41B4A1182005AC775 /* Main.storyboard */ = {
			isa = PBXVariantGroup;
			children = (
				21D787C51B4A1182005AC775 /* Base */,
			);
			name = Main.storyboard;
			sourceTree = "<group>";
		};
		21D787C91B4A1182005AC775 /* LaunchScreen.xib */ = {
			isa = PBXVariantGroup;
			children = (
				21D787CA1B4A1182005AC775 /* Base */,
			);
			name = LaunchScreen.xib;
			sourceTree = "<group>";
		};
/* End PBXVariantGroup section */

/* Begin XCBuildConfiguration section */
		21D787D81B4A1182005AC775 /* Debug */ = {
			isa = XCBuildConfiguration;
			buildSettings = {
				ALWAYS_SEARCH_USER_PATHS = NO;
				CLANG_CXX_LANGUAGE_STANDARD = "gnu++0x";
				CLANG_CXX_LIBRARY = "libc++";
				CLANG_ENABLE_MODULES = YES;
				CLANG_ENABLE_OBJC_ARC = YES;
				CLANG_WARN_BOOL_CONVERSION = YES;
				CLANG_WARN_CONSTANT_CONVERSION = YES;
				CLANG_WARN_DIRECT_OBJC_ISA_USAGE = YES_ERROR;
				CLANG_WARN_EMPTY_BODY = YES;
				CLANG_WARN_ENUM_CONVERSION = YES;
				CLANG_WARN_INT_CONVERSION = YES;
				CLANG_WARN_OBJC_ROOT_CLASS = YES_ERROR;
				CLANG_WARN_UNREACHABLE_CODE = YES;
				CLANG_WARN__DUPLICATE_METHOD_MATCH = YES;
				"CODE_SIGN_IDENTITY[sdk=iphoneos*]" = "iPhone Developer";
				COPY_PHASE_STRIP = NO;
				DEBUG_INFORMATION_FORMAT = "dwarf-with-dsym";
				ENABLE_STRICT_OBJC_MSGSEND = YES;
				GCC_C_LANGUAGE_STANDARD = gnu99;
				GCC_DYNAMIC_NO_PIC = NO;
				GCC_NO_COMMON_BLOCKS = YES;
				GCC_OPTIMIZATION_LEVEL = 0;
				GCC_PREPROCESSOR_DEFINITIONS = (
					"DEBUG=1",
					"$(inherited)",
				);
				GCC_SYMBOLS_PRIVATE_EXTERN = NO;
				GCC_WARN_64_TO_32_BIT_CONVERSION = YES;
				GCC_WARN_ABOUT_RETURN_TYPE = YES_ERROR;
				GCC_WARN_UNDECLARED_SELECTOR = YES;
				GCC_WARN_UNINITIALIZED_AUTOS = YES_AGGRESSIVE;
				GCC_WARN_UNUSED_FUNCTION = YES;
				GCC_WARN_UNUSED_VARIABLE = YES;
				IPHONEOS_DEPLOYMENT_TARGET = 8.4;
				MTL_ENABLE_DEBUG_INFO = YES;
				ONLY_ACTIVE_ARCH = YES;
				SDKROOT = iphoneos;
			};
			name = Debug;
		};
		21D787D91B4A1182005AC775 /* Release */ = {
			isa = XCBuildConfiguration;
			buildSettings = {
				ALWAYS_SEARCH_USER_PATHS = NO;
				CLANG_CXX_LANGUAGE_STANDARD = "gnu++0x";
				CLANG_CXX_LIBRARY = "libc++";
				CLANG_ENABLE_MODULES = YES;
				CLANG_ENABLE_OBJC_ARC = YES;
				CLANG_WARN_BOOL_CONVERSION = YES;
				CLANG_WARN_CONSTANT_CONVERSION = YES;
				CLANG_WARN_DIRECT_OBJC_ISA_USAGE = YES_ERROR;
				CLANG_WARN_EMPTY_BODY = YES;
				CLANG_WARN_ENUM_CONVERSION = YES;
				CLANG_WARN_INT_CONVERSION = YES;
				CLANG_WARN_OBJC_ROOT_CLASS = YES_ERROR;
				CLANG_WARN_UNREACHABLE_CODE = YES;
				CLANG_WARN__DUPLICATE_METHOD_MATCH = YES;
				"CODE_SIGN_IDENTITY[sdk=iphoneos*]" = "iPhone Developer";
				COPY_PHASE_STRIP = NO;
				DEBUG_INFORMATION_FORMAT = "dwarf-with-dsym";
				ENABLE_NS_ASSERTIONS = NO;
				ENABLE_STRICT_OBJC_MSGSEND = YES;
				GCC_C_LANGUAGE_STANDARD = gnu99;
				GCC_NO_COMMON_BLOCKS = YES;
				GCC_WARN_64_TO_32_BIT_CONVERSION = YES;
				GCC_WARN_ABOUT_RETURN_TYPE = YES_ERROR;
				GCC_WARN_UNDECLARED_SELECTOR = YES;
				GCC_WARN_UNINITIALIZED_AUTOS = YES_AGGRESSIVE;
				GCC_WARN_UNUSED_FUNCTION = YES;
				GCC_WARN_UNUSED_VARIABLE = YES;
				IPHONEOS_DEPLOYMENT_TARGET = 8.4;
				MTL_ENABLE_DEBUG_INFO = NO;
				SDKROOT = iphoneos;
				VALIDATE_PRODUCT = YES;
			};
			name = Release;
		};
		21D787DB1B4A1182005AC775 /* Debug */ = {
			isa = XCBuildConfiguration;
			buildSettings = {
				ASSETCATALOG_COMPILER_APPICON_NAME = AppIcon;
				INFOPLIST_FILE = YQItemCellDemo/Info.plist;
				LD_RUNPATH_SEARCH_PATHS = "$(inherited) @executable_path/Frameworks";
				PRODUCT_NAME = "$(TARGET_NAME)";
			};
			name = Debug;
		};
		21D787DC1B4A1182005AC775 /* Release */ = {
			isa = XCBuildConfiguration;
			buildSettings = {
				ASSETCATALOG_COMPILER_APPICON_NAME = AppIcon;
				INFOPLIST_FILE = YQItemCellDemo/Info.plist;
				LD_RUNPATH_SEARCH_PATHS = "$(inherited) @executable_path/Frameworks";
				PRODUCT_NAME = "$(TARGET_NAME)";
			};
			name = Release;
		};
		21D787DE1B4A1182005AC775 /* Debug */ = {
			isa = XCBuildConfiguration;
			buildSettings = {
				BUNDLE_LOADER = "$(TEST_HOST)";
				FRAMEWORK_SEARCH_PATHS = (
					"$(SDKROOT)/Developer/Library/Frameworks",
					"$(inherited)",
				);
				GCC_PREPROCESSOR_DEFINITIONS = (
					"DEBUG=1",
					"$(inherited)",
				);
				INFOPLIST_FILE = YQItemCellDemoTests/Info.plist;
				LD_RUNPATH_SEARCH_PATHS = "$(inherited) @executable_path/Frameworks @loader_path/Frameworks";
				PRODUCT_NAME = "$(TARGET_NAME)";
				TEST_HOST = "$(BUILT_PRODUCTS_DIR)/YQItemCellDemo.app/YQItemCellDemo";
			};
			name = Debug;
		};
		21D787DF1B4A1182005AC775 /* Release */ = {
			isa = XCBuildConfiguration;
			buildSettings = {
				BUNDLE_LOADER = "$(TEST_HOST)";
				FRAMEWORK_SEARCH_PATHS = (
					"$(SDKROOT)/Developer/Library/Frameworks",
					"$(inherited)",
				);
				INFOPLIST_FILE = YQItemCellDemoTests/Info.plist;
				LD_RUNPATH_SEARCH_PATHS = "$(inherited) @executable_path/Frameworks @loader_path/Frameworks";
				PRODUCT_NAME = "$(TARGET_NAME)";
				TEST_HOST = "$(BUILT_PRODUCTS_DIR)/YQItemCellDemo.app/YQItemCellDemo";
			};
			name = Release;
		};
/* End XCBuildConfiguration section */

/* Begin XCConfigurationList section */
		21D787B21B4A1182005AC775 /* Build configuration list for PBXProject "YQItemCellDemo" */ = {
			isa = XCConfigurationList;
			buildConfigurations = (
				21D787D81B4A1182005AC775 /* Debug */,
				21D787D91B4A1182005AC775 /* Release */,
			);
			defaultConfigurationIsVisible = 0;
			defaultConfigurationName = Release;
		};
		21D787DA1B4A1182005AC775 /* Build configuration list for PBXNativeTarget "YQItemCellDemo" */ = {
			isa = XCConfigurationList;
			buildConfigurations = (
				21D787DB1B4A1182005AC775 /* Debug */,
				21D787DC1B4A1182005AC775 /* Release */,
			);
			defaultConfigurationIsVisible = 0;
		};
		21D787DD1B4A1182005AC775 /* Build configuration list for PBXNativeTarget "YQItemCellDemoTests" */ = {
			isa = XCConfigurationList;
			buildConfigurations = (
				21D787DE1B4A1182005AC775 /* Debug */,
				21D787DF1B4A1182005AC775 /* Release */,
			);
			defaultConfigurationIsVisible = 0;
		};
/* End XCConfigurationList section */
	};
	rootObject = 21D787AF1B4A1182005AC775 /* Project object */;
}
